// !$*UTF8*$!
{
	archiveVersion = 1;
	classes = {
	};
	objectVersion = 50;
	objects = {

/* Begin PBXBuildFile section */
		CEB95D87239FD20200AD7EE3 /* AppDelegate.swift in Sources */ = {isa = PBXBuildFile; fileRef = CEB95D86239FD20200AD7EE3 /* AppDelegate.swift */; };
		CEB95D89239FD20200AD7EE3 /* SceneDelegate.swift in Sources */ = {isa = PBXBuildFile; fileRef = CEB95D88239FD20200AD7EE3 /* SceneDelegate.swift */; };
		CEB95D8E239FD20200AD7EE3 /* Main.storyboard in Resources */ = {isa = PBXBuildFile; fileRef = CEB95D8C239FD20200AD7EE3 /* Main.storyboard */; };
		CEB95D90239FD20E00AD7EE3 /* Assets.xcassets in Resources */ = {isa = PBXBuildFile; fileRef = CEB95D8F239FD20E00AD7EE3 /* Assets.xcassets */; };
		CEB95D93239FD20E00AD7EE3 /* LaunchScreen.storyboard in Resources */ = {isa = PBXBuildFile; fileRef = CEB95D91239FD20E00AD7EE3 /* LaunchScreen.storyboard */; };
		CEB95D9B239FDB7000AD7EE3 /* K.swift in Sources */ = {isa = PBXBuildFile; fileRef = CEB95D9A239FDB7000AD7EE3 /* K.swift */; };
		CEB95D9E239FDE4300AD7EE3 /* Weather.swift in Sources */ = {isa = PBXBuildFile; fileRef = CEB95D9D239FDE4200AD7EE3 /* Weather.swift */; };
		CEB95DA0239FE02F00AD7EE3 /* WeatherManager.swift in Sources */ = {isa = PBXBuildFile; fileRef = CEB95D9F239FE02F00AD7EE3 /* WeatherManager.swift */; };
		CEB95DA3239FE1DB00AD7EE3 /* MainViewController.swift in Sources */ = {isa = PBXBuildFile; fileRef = CEB95DA2239FE1DB00AD7EE3 /* MainViewController.swift */; };
		CEB95DA5239FE24400AD7EE3 /* SettingsViewController.swift in Sources */ = {isa = PBXBuildFile; fileRef = CEB95DA4239FE24400AD7EE3 /* SettingsViewController.swift */; };
		CEB95DA9239FE92100AD7EE3 /* WeatherForecast.swift in Sources */ = {isa = PBXBuildFile; fileRef = CEB95DA8239FE92100AD7EE3 /* WeatherForecast.swift */; };
		CEB95DAB239FE93200AD7EE3 /* WeatherForecastManager.swift in Sources */ = {isa = PBXBuildFile; fileRef = CEB95DAA239FE93200AD7EE3 /* WeatherForecastManager.swift */; };
		CEB95DAF23A00C1E00AD7EE3 /* MainTableViewCell.swift in Sources */ = {isa = PBXBuildFile; fileRef = CEB95DAD23A00C1E00AD7EE3 /* MainTableViewCell.swift */; };
		CEB95DB023A00C1E00AD7EE3 /* MainTableViewCell.xib in Resources */ = {isa = PBXBuildFile; fileRef = CEB95DAE23A00C1E00AD7EE3 /* MainTableViewCell.xib */; };
		CEB95DB223A03D6F00AD7EE3 /* LocationsViewController.swift in Sources */ = {isa = PBXBuildFile; fileRef = CEB95DB123A03D6F00AD7EE3 /* LocationsViewController.swift */; };
/* End PBXBuildFile section */

/* Begin PBXFileReference section */
		CEB95D83239FD20200AD7EE3 /* PrettyWeather.app */ = {isa = PBXFileReference; explicitFileType = wrapper.application; includeInIndex = 0; path = PrettyWeather.app; sourceTree = BUILT_PRODUCTS_DIR; };
		CEB95D86239FD20200AD7EE3 /* AppDelegate.swift */ = {isa = PBXFileReference; lastKnownFileType = sourcecode.swift; path = AppDelegate.swift; sourceTree = "<group>"; };
		CEB95D88239FD20200AD7EE3 /* SceneDelegate.swift */ = {isa = PBXFileReference; lastKnownFileType = sourcecode.swift; path = SceneDelegate.swift; sourceTree = "<group>"; };
		CEB95D8D239FD20200AD7EE3 /* Base */ = {isa = PBXFileReference; lastKnownFileType = file.storyboard; name = Base; path = Base.lproj/Main.storyboard; sourceTree = "<group>"; };
		CEB95D8F239FD20E00AD7EE3 /* Assets.xcassets */ = {isa = PBXFileReference; lastKnownFileType = folder.assetcatalog; path = Assets.xcassets; sourceTree = "<group>"; };
		CEB95D92239FD20E00AD7EE3 /* Base */ = {isa = PBXFileReference; lastKnownFileType = file.storyboard; name = Base; path = Base.lproj/LaunchScreen.storyboard; sourceTree = "<group>"; };
		CEB95D94239FD20E00AD7EE3 /* Info.plist */ = {isa = PBXFileReference; lastKnownFileType = text.plist.xml; path = Info.plist; sourceTree = "<group>"; };
		CEB95D9A239FDB7000AD7EE3 /* K.swift */ = {isa = PBXFileReference; lastKnownFileType = sourcecode.swift; path = K.swift; sourceTree = "<group>"; };
		CEB95D9D239FDE4200AD7EE3 /* Weather.swift */ = {isa = PBXFileReference; lastKnownFileType = sourcecode.swift; path = Weather.swift; sourceTree = "<group>"; };
		CEB95D9F239FE02F00AD7EE3 /* WeatherManager.swift */ = {isa = PBXFileReference; lastKnownFileType = sourcecode.swift; path = WeatherManager.swift; sourceTree = "<group>"; };
		CEB95DA2239FE1DB00AD7EE3 /* MainViewController.swift */ = {isa = PBXFileReference; lastKnownFileType = sourcecode.swift; path = MainViewController.swift; sourceTree = "<group>"; };
		CEB95DA4239FE24400AD7EE3 /* SettingsViewController.swift */ = {isa = PBXFileReference; lastKnownFileType = sourcecode.swift; path = SettingsViewController.swift; sourceTree = "<group>"; };
		CEB95DA8239FE92100AD7EE3 /* WeatherForecast.swift */ = {isa = PBXFileReference; lastKnownFileType = sourcecode.swift; path = WeatherForecast.swift; sourceTree = "<group>"; };
		CEB95DAA239FE93200AD7EE3 /* WeatherForecastManager.swift */ = {isa = PBXFileReference; lastKnownFileType = sourcecode.swift; path = WeatherForecastManager.swift; sourceTree = "<group>"; };
		CEB95DAD23A00C1E00AD7EE3 /* MainTableViewCell.swift */ = {isa = PBXFileReference; lastKnownFileType = sourcecode.swift; path = MainTableViewCell.swift; sourceTree = "<group>"; };
		CEB95DAE23A00C1E00AD7EE3 /* MainTableViewCell.xib */ = {isa = PBXFileReference; lastKnownFileType = file.xib; path = MainTableViewCell.xib; sourceTree = "<group>"; };
		CEB95DB123A03D6F00AD7EE3 /* LocationsViewController.swift */ = {isa = PBXFileReference; lastKnownFileType = sourcecode.swift; path = LocationsViewController.swift; sourceTree = "<group>"; };
/* End PBXFileReference section */

/* Begin PBXFrameworksBuildPhase section */
		CEB95D80239FD20100AD7EE3 /* Frameworks */ = {
			isa = PBXFrameworksBuildPhase;
			buildActionMask = 2147483647;
			files = (
			);
			runOnlyForDeploymentPostprocessing = 0;
		};
/* End PBXFrameworksBuildPhase section */

/* Begin PBXGroup section */
		CEB95D7A239FD20100AD7EE3 = {
			isa = PBXGroup;
			children = (
				CEB95D85239FD20200AD7EE3 /* PrettyWeather */,
				CEB95D84239FD20200AD7EE3 /* Products */,
			);
			sourceTree = "<group>";
		};
		CEB95D84239FD20200AD7EE3 /* Products */ = {
			isa = PBXGroup;
			children = (
				CEB95D83239FD20200AD7EE3 /* PrettyWeather.app */,
			);
			name = Products;
			sourceTree = "<group>";
		};
		CEB95D85239FD20200AD7EE3 /* PrettyWeather */ = {
			isa = PBXGroup;
			children = (
				CEB95DAC23A00BFC00AD7EE3 /* Views */,
				CEB95DA1239FE1BC00AD7EE3 /* Controllers */,
				CEB95D9C239FDE0A00AD7EE3 /* Model */,
				CEB95D86239FD20200AD7EE3 /* AppDelegate.swift */,
				CEB95D88239FD20200AD7EE3 /* SceneDelegate.swift */,
				CEB95D8C239FD20200AD7EE3 /* Main.storyboard */,
				CEB95D8F239FD20E00AD7EE3 /* Assets.xcassets */,
				CEB95D91239FD20E00AD7EE3 /* LaunchScreen.storyboard */,
				CEB95D94239FD20E00AD7EE3 /* Info.plist */,
			);
			path = PrettyWeather;
			sourceTree = "<group>";
		};
		CEB95D9C239FDE0A00AD7EE3 /* Model */ = {
			isa = PBXGroup;
			children = (
				CEB95D9A239FDB7000AD7EE3 /* K.swift */,
				CEB95D9D239FDE4200AD7EE3 /* Weather.swift */,
				CEB95D9F239FE02F00AD7EE3 /* WeatherManager.swift */,
				CEB95DA8239FE92100AD7EE3 /* WeatherForecast.swift */,
				CEB95DAA239FE93200AD7EE3 /* WeatherForecastManager.swift */,
			);
			path = Model;
			sourceTree = "<group>";
		};
		CEB95DA1239FE1BC00AD7EE3 /* Controllers */ = {
			isa = PBXGroup;
			children = (
				CEB95DA2239FE1DB00AD7EE3 /* MainViewController.swift */,
				CEB95DA4239FE24400AD7EE3 /* SettingsViewController.swift */,
				CEB95DB123A03D6F00AD7EE3 /* LocationsViewController.swift */,
			);
			path = Controllers;
			sourceTree = "<group>";
		};
		CEB95DAC23A00BFC00AD7EE3 /* Views */ = {
			isa = PBXGroup;
			children = (
				CEB95DAD23A00C1E00AD7EE3 /* MainTableViewCell.swift */,
				CEB95DAE23A00C1E00AD7EE3 /* MainTableViewCell.xib */,
			);
			path = Views;
			sourceTree = "<group>";
		};
/* End PBXGroup section */

/* Begin PBXNativeTarget section */
		CEB95D82239FD20100AD7EE3 /* PrettyWeather */ = {
			isa = PBXNativeTarget;
			buildConfigurationList = CEB95D97239FD20E00AD7EE3 /* Build configuration list for PBXNativeTarget "PrettyWeather" */;
			buildPhases = (
				CEB95D7F239FD20100AD7EE3 /* Sources */,
				CEB95D80239FD20100AD7EE3 /* Frameworks */,
				CEB95D81239FD20100AD7EE3 /* Resources */,
			);
			buildRules = (
			);
			dependencies = (
			);
			name = PrettyWeather;
			productName = PrettyWeather;
			productReference = CEB95D83239FD20200AD7EE3 /* PrettyWeather.app */;
			productType = "com.apple.product-type.application";
		};
/* End PBXNativeTarget section */

/* Begin PBXProject section */
		CEB95D7B239FD20100AD7EE3 /* Project object */ = {
			isa = PBXProject;
			attributes = {
				LastSwiftUpdateCheck = 1120;
				LastUpgradeCheck = 1120;
				ORGANIZATIONNAME = "Arthur Ford";
				TargetAttributes = {
					CEB95D82239FD20100AD7EE3 = {
						CreatedOnToolsVersion = 11.2.1;
					};
				};
			};
			buildConfigurationList = CEB95D7E239FD20100AD7EE3 /* Build configuration list for PBXProject "PrettyWeather" */;
			compatibilityVersion = "Xcode 9.3";
			developmentRegion = en;
			hasScannedForEncodings = 0;
			knownRegions = (
				en,
				Base,
			);
			mainGroup = CEB95D7A239FD20100AD7EE3;
			productRefGroup = CEB95D84239FD20200AD7EE3 /* Products */;
			projectDirPath = "";
			projectRoot = "";
			targets = (
				CEB95D82239FD20100AD7EE3 /* PrettyWeather */,
			);
		};
/* End PBXProject section */

/* Begin PBXResourcesBuildPhase section */
		CEB95D81239FD20100AD7EE3 /* Resources */ = {
			isa = PBXResourcesBuildPhase;
			buildActionMask = 2147483647;
			files = (
				CEB95D93239FD20E00AD7EE3 /* LaunchScreen.storyboard in Resources */,
				CEB95D90239FD20E00AD7EE3 /* Assets.xcassets in Resources */,
				CEB95DB023A00C1E00AD7EE3 /* MainTableViewCell.xib in Resources */,
				CEB95D8E239FD20200AD7EE3 /* Main.storyboard in Resources */,
			);
			runOnlyForDeploymentPostprocessing = 0;
		};
/* End PBXResourcesBuildPhase section */

/* Begin PBXSourcesBuildPhase section */
		CEB95D7F239FD20100AD7EE3 /* Sources */ = {
			isa = PBXSourcesBuildPhase;
			buildActionMask = 2147483647;
			files = (
				CEB95DAF23A00C1E00AD7EE3 /* MainTableViewCell.swift in Sources */,
				CEB95DA9239FE92100AD7EE3 /* WeatherForecast.swift in Sources */,
				CEB95DA0239FE02F00AD7EE3 /* WeatherManager.swift in Sources */,
				CEB95D9B239FDB7000AD7EE3 /* K.swift in Sources */,
				CEB95DB223A03D6F00AD7EE3 /* LocationsViewController.swift in Sources */,
				CEB95DA5239FE24400AD7EE3 /* SettingsViewController.swift in Sources */,
				CEB95D87239FD20200AD7EE3 /* AppDelegate.swift in Sources */,
				CEB95DA3239FE1DB00AD7EE3 /* MainViewController.swift in Sources */,
				CEB95D89239FD20200AD7EE3 /* SceneDelegate.swift in Sources */,
				CEB95D9E239FDE4300AD7EE3 /* Weather.swift in Sources */,
				CEB95DAB239FE93200AD7EE3 /* WeatherForecastManager.swift in Sources */,
			);
			runOnlyForDeploymentPostprocessing = 0;
		};
/* End PBXSourcesBuildPhase section */

/* Begin PBXVariantGroup section */
		CEB95D8C239FD20200AD7EE3 /* Main.storyboard */ = {
			isa = PBXVariantGroup;
			children = (
				CEB95D8D239FD20200AD7EE3 /* Base */,
			);
			name = Main.storyboard;
			sourceTree = "<group>";
		};
		CEB95D91239FD20E00AD7EE3 /* LaunchScreen.storyboard */ = {
			isa = PBXVariantGroup;
			children = (
				CEB95D92239FD20E00AD7EE3 /* Base */,
			);
			name = LaunchScreen.storyboard;
			sourceTree = "<group>";
		};
/* End PBXVariantGroup section */

/* Begin XCBuildConfiguration section */
		CEB95D95239FD20E00AD7EE3 /* Debug */ = {
			isa = XCBuildConfiguration;
			buildSettings = {
				ALWAYS_SEARCH_USER_PATHS = NO;
				CLANG_ANALYZER_NONNULL = YES;
				CLANG_ANALYZER_NUMBER_OBJECT_CONVERSION = YES_AGGRESSIVE;
				CLANG_CXX_LANGUAGE_STANDARD = "gnu++14";
				CLANG_CXX_LIBRARY = "libc++";
				CLANG_ENABLE_MODULES = YES;
				CLANG_ENABLE_OBJC_ARC = YES;
				CLANG_ENABLE_OBJC_WEAK = YES;
				CLANG_WARN_BLOCK_CAPTURE_AUTORELEASING = YES;
				CLANG_WARN_BOOL_CONVERSION = YES;
				CLANG_WARN_COMMA = YES;
				CLANG_WARN_CONSTANT_CONVERSION = YES;
				CLANG_WARN_DEPRECATED_OBJC_IMPLEMENTATIONS = YES;
				CLANG_WARN_DIRECT_OBJC_ISA_USAGE = YES_ERROR;
				CLANG_WARN_DOCUMENTATION_COMMENTS = YES;
				CLANG_WARN_EMPTY_BODY = YES;
				CLANG_WARN_ENUM_CONVERSION = YES;
				CLANG_WARN_INFINITE_RECURSION = YES;
				CLANG_WARN_INT_CONVERSION = YES;
				CLANG_WARN_NON_LITERAL_NULL_CONVERSION = YES;
				CLANG_WARN_OBJC_IMPLICIT_RETAIN_SELF = YES;
				CLANG_WARN_OBJC_LITERAL_CONVERSION = YES;
				CLANG_WARN_OBJC_ROOT_CLASS = YES_ERROR;
				CLANG_WARN_RANGE_LOOP_ANALYSIS = YES;
				CLANG_WARN_STRICT_PROTOTYPES = YES;
				CLANG_WARN_SUSPICIOUS_MOVE = YES;
				CLANG_WARN_UNGUARDED_AVAILABILITY = YES_AGGRESSIVE;
				CLANG_WARN_UNREACHABLE_CODE = YES;
				CLANG_WARN__DUPLICATE_METHOD_MATCH = YES;
				COPY_PHASE_STRIP = NO;
				DEBUG_INFORMATION_FORMAT = dwarf;
				ENABLE_STRICT_OBJC_MSGSEND = YES;
				ENABLE_TESTABILITY = YES;
				GCC_C_LANGUAGE_STANDARD = gnu11;
				GCC_DYNAMIC_NO_PIC = NO;
				GCC_NO_COMMON_BLOCKS = YES;
				GCC_OPTIMIZATION_LEVEL = 0;
				GCC_PREPROCESSOR_DEFINITIONS = (
					"DEBUG=1",
					"$(inherited)",
				);
				GCC_WARN_64_TO_32_BIT_CONVERSION = YES;
				GCC_WARN_ABOUT_RETURN_TYPE = YES_ERROR;
				GCC_WARN_UNDECLARED_SELECTOR = YES;
				GCC_WARN_UNINITIALIZED_AUTOS = YES_AGGRESSIVE;
				GCC_WARN_UNUSED_FUNCTION = YES;
				GCC_WARN_UNUSED_VARIABLE = YES;
				IPHONEOS_DEPLOYMENT_TARGET = 13.2;
				MTL_ENABLE_DEBUG_INFO = INCLUDE_SOURCE;
				MTL_FAST_MATH = YES;
				ONLY_ACTIVE_ARCH = YES;
				SDKROOT = iphoneos;
				SWIFT_ACTIVE_COMPILATION_CONDITIONS = DEBUG;
				SWIFT_OPTIMIZATION_LEVEL = "-Onone";
			};
			name = Debug;
		};
		CEB95D96239FD20E00AD7EE3 /* Release */ = {
			isa = XCBuildConfiguration;
			buildSettings = {
				ALWAYS_SEARCH_USER_PATHS = NO;
				CLANG_ANALYZER_NONNULL = YES;
				CLANG_ANALYZER_NUMBER_OBJECT_CONVERSION = YES_AGGRESSIVE;
				CLANG_CXX_LANGUAGE_STANDARD = "gnu++14";
				CLANG_CXX_LIBRARY = "libc++";
				CLANG_ENABLE_MODULES = YES;
				CLANG_ENABLE_OBJC_ARC = YES;
				CLANG_ENABLE_OBJC_WEAK = YES;
				CLANG_WARN_BLOCK_CAPTURE_AUTORELEASING = YES;
				CLANG_WARN_BOOL_CONVERSION = YES;
				CLANG_WARN_COMMA = YES;
				CLANG_WARN_CONSTANT_CONVERSION = YES;
				CLANG_WARN_DEPRECATED_OBJC_IMPLEMENTATIONS = YES;
				CLANG_WARN_DIRECT_OBJC_ISA_USAGE = YES_ERROR;
				CLANG_WARN_DOCUMENTATION_COMMENTS = YES;
				CLANG_WARN_EMPTY_BODY = YES;
				CLANG_WARN_ENUM_CONVERSION = YES;
				CLANG_WARN_INFINITE_RECURSION = YES;
				CLANG_WARN_INT_CONVERSION = YES;
				CLANG_WARN_NON_LITERAL_NULL_CONVERSION = YES;
				CLANG_WARN_OBJC_IMPLICIT_RETAIN_SELF = YES;
				CLANG_WARN_OBJC_LITERAL_CONVERSION = YES;
				CLANG_WARN_OBJC_ROOT_CLASS = YES_ERROR;
				CLANG_WARN_RANGE_LOOP_ANALYSIS = YES;
				CLANG_WARN_STRICT_PROTOTYPES = YES;
				CLANG_WARN_SUSPICIOUS_MOVE = YES;
				CLANG_WARN_UNGUARDED_AVAILABILITY = YES_AGGRESSIVE;
				CLANG_WARN_UNREACHABLE_CODE = YES;
				CLANG_WARN__DUPLICATE_METHOD_MATCH = YES;
				COPY_PHASE_STRIP = NO;
				DEBUG_INFORMATION_FORMAT = "dwarf-with-dsym";
				ENABLE_NS_ASSERTIONS = NO;
				ENABLE_STRICT_OBJC_MSGSEND = YES;
				GCC_C_LANGUAGE_STANDARD = gnu11;
				GCC_NO_COMMON_BLOCKS = YES;
				GCC_WARN_64_TO_32_BIT_CONVERSION = YES;
				GCC_WARN_ABOUT_RETURN_TYPE = YES_ERROR;
				GCC_WARN_UNDECLARED_SELECTOR = YES;
				GCC_WARN_UNINITIALIZED_AUTOS = YES_AGGRESSIVE;
				GCC_WARN_UNUSED_FUNCTION = YES;
				GCC_WARN_UNUSED_VARIABLE = YES;
				IPHONEOS_DEPLOYMENT_TARGET = 13.2;
				MTL_ENABLE_DEBUG_INFO = NO;
				MTL_FAST_MATH = YES;
				SDKROOT = iphoneos;
				SWIFT_COMPILATION_MODE = wholemodule;
				SWIFT_OPTIMIZATION_LEVEL = "-O";
				VALIDATE_PRODUCT = YES;
			};
			name = Release;
		};
		CEB95D98239FD20E00AD7EE3 /* Debug */ = {
			isa = XCBuildConfiguration;
			buildSettings = {
				ASSETCATALOG_COMPILER_APPICON_NAME = AppIcon;
				CODE_SIGN_STYLE = Automatic;
				DEVELOPMENT_TEAM = SLB347Y94F;
				INFOPLIST_FILE = PrettyWeather/Info.plist;
				LD_RUNPATH_SEARCH_PATHS = (
					"$(inherited)",
					"@executable_path/Frameworks",
				);
				PRODUCT_BUNDLE_IDENTIFIER = info.arthurford.PrettyWeather;
				PRODUCT_NAME = "$(TARGET_NAME)";
				SWIFT_VERSION = 5.0;
				TARGETED_DEVICE_FAMILY = 1;
			};
			name = Debug;
		};
		CEB95D99239FD20E00AD7EE3 /* Release */ = {
			isa = XCBuildConfiguration;
			buildSettings = {
				ASSETCATALOG_COMPILER_APPICON_NAME = AppIcon;
				CODE_SIGN_STYLE = Automatic;
				DEVELOPMENT_TEAM = SLB347Y94F;
				INFOPLIST_FILE = PrettyWeather/Info.plist;
				LD_RUNPATH_SEARCH_PATHS = (
					"$(inherited)",
					"@executable_path/Frameworks",
				);
				PRODUCT_BUNDLE_IDENTIFIER = info.arthurford.PrettyWeather;
				PRODUCT_NAME = "$(TARGET_NAME)";
				SWIFT_VERSION = 5.0;
				TARGETED_DEVICE_FAMILY = 1;
			};
			name = Release;
		};
/* End XCBuildConfiguration section */

/* Begin XCConfigurationList section */
		CEB95D7E239FD20100AD7EE3 /* Build configuration list for PBXProject "PrettyWeather" */ = {
			isa = XCConfigurationList;
			buildConfigurations = (
				CEB95D95239FD20E00AD7EE3 /* Debug */,
				CEB95D96239FD20E00AD7EE3 /* Release */,
			);
			defaultConfigurationIsVisible = 0;
			defaultConfigurationName = Release;
		};
		CEB95D97239FD20E00AD7EE3 /* Build configuration list for PBXNativeTarget "PrettyWeather" */ = {
			isa = XCConfigurationList;
			buildConfigurations = (
				CEB95D98239FD20E00AD7EE3 /* Debug */,
				CEB95D99239FD20E00AD7EE3 /* Release */,
			);
			defaultConfigurationIsVisible = 0;
			defaultConfigurationName = Release;
		};
/* End XCConfigurationList section */
	};
	rootObject = CEB95D7B239FD20100AD7EE3 /* Project object */;
}
